
Microsoft Visual Studio Solution File, Format Version 12.00
# Visual Studio Version 17
VisualStudioVersion = 17.6.33815.320
MinimumVisualStudioVersion = 10.0.40219.1
Project("{FAE04EC0-301F-11D3-BF4B-00C04F79EFBC}") = "Portfolio", "Portfolio\Portfolio.csproj", "{406E6AA0-29C3-402D-8766-733A3BDF2441}"
EndProject
Global
	GlobalSection(SolutionConfigurationPlatforms) = preSolution
		Debug|Any CPU = Debug|Any CPU
		Release|Any CPU = Release|Any CPU
	EndGlobalSection
	GlobalSection(ProjectConfigurationPlatforms) = postSolution
		{406E6AA0-29C3-402D-8766-733A3BDF2441}.Debug|Any CPU.ActiveCfg = Debug|Any CPU
		{406E6AA0-29C3-402D-8766-733A3BDF2441}.Debug|Any CPU.Build.0 = Debug|Any CPU
		{406E6AA0-29C3-402D-8766-733A3BDF2441}.Release|Any CPU.ActiveCfg = Release|Any CPU
		{406E6AA0-29C3-402D-8766-733A3BDF2441}.Release|Any CPU.Build.0 = Release|Any CPU
	EndGlobalSection
	GlobalSection(SolutionProperties) = preSolution
		HideSolutionNode = FALSE
	EndGlobalSection
	GlobalSection(ExtensibilityGlobals) = postSolution
		SolutionGuid = {AFD972FF-2DC0-4051-A880-2B99894E0351}
	EndGlobalSection
EndGlobal
